
Microsoft Visual Studio Solution File, Format Version 12.00
# Visual Studio Version 16
VisualStudioVersion = 16.0.29318.209
MinimumVisualStudioVersion = 15.0.26124.0	MinimumVisualStudioVersion
Project("{2150E333-8FDC-42A3-9474-1A3956D46DE8}") = "Solution Items", "Solution Items", "{1CE9670B-D5FF-46A7-9D00-24E70E6ED48B}"
	ProjectSection(SolutionItems) = preProject
		..\.editorconfig = ..\.editorconfig
		Directory.Build.props = Directory.Build.props
		Directory.Build.targets = Directory.Build.targets
		..\global.json = ..\global.json
		..\nuget.config = ..\nuget.config
		shipping.ruleset = shipping.ruleset
		stylecop.json = stylecop.json
		tests.ruleset = tests.ruleset
		..\version.json = ..\version.json
	EndProjectSection
EndProject
Project("{9A19103F-16F7-4668-BE54-9A1E7A4F7556}") = "VendorHub.DocumentLibrary", "VendorHub.DocumentLibrary\VendorHub.DocumentLibrary.csproj", "{6FA7B46F-5AE9-4B4B-8DA6-C9C5698CE9C8}"
EndProject
Project("{9A19103F-16F7-4668-BE54-9A1E7A4F7556}") = "VendorHub.DocumentLibrary.Tests", "VendorHub.DocumentLibrary.Tests\VendorHub.DocumentLibrary.Tests.csproj", "{7309E02D-1F33-4348-B0AD-842C463C5B96}"
EndProject
Project("{FAE04EC0-301F-11D3-BF4B-00C04F79EFBC}") = "VendorHub.DocumentLibrary.DependencyInjection", "VendorHub.DocumentLibrary.DependencyInjection\VendorHub.DocumentLibrary.DependencyInjection.csproj", "{24E6A465-C493-46B6-A40D-1627504D8874}"
EndProject
Global
	GlobalSection(SolutionConfigurationPlatforms) = preSolution
		Debug|Any CPU = Debug|Any CPU
		Release|Any CPU = Release|Any CPU
	EndGlobalSection
	GlobalSection(ProjectConfigurationPlatforms) = postSolution
		{6FA7B46F-5AE9-4B4B-8DA6-C9C5698CE9C8}.Debug|Any CPU.ActiveCfg = Debug|Any CPU
		{6FA7B46F-5AE9-4B4B-8DA6-C9C5698CE9C8}.Debug|Any CPU.Build.0 = Debug|Any CPU
		{6FA7B46F-5AE9-4B4B-8DA6-C9C5698CE9C8}.Release|Any CPU.ActiveCfg = Release|Any CPU
		{6FA7B46F-5AE9-4B4B-8DA6-C9C5698CE9C8}.Release|Any CPU.Build.0 = Release|Any CPU
		{7309E02D-1F33-4348-B0AD-842C463C5B96}.Debug|Any CPU.ActiveCfg = Debug|Any CPU
		{7309E02D-1F33-4348-B0AD-842C463C5B96}.Debug|Any CPU.Build.0 = Debug|Any CPU
		{7309E02D-1F33-4348-B0AD-842C463C5B96}.Release|Any CPU.ActiveCfg = Release|Any CPU
		{7309E02D-1F33-4348-B0AD-842C463C5B96}.Release|Any CPU.Build.0 = Release|Any CPU
		{24E6A465-C493-46B6-A40D-1627504D8874}.Debug|Any CPU.ActiveCfg = Debug|Any CPU
		{24E6A465-C493-46B6-A40D-1627504D8874}.Debug|Any CPU.Build.0 = Debug|Any CPU
		{24E6A465-C493-46B6-A40D-1627504D8874}.Release|Any CPU.ActiveCfg = Release|Any CPU
		{24E6A465-C493-46B6-A40D-1627504D8874}.Release|Any CPU.Build.0 = Release|Any CPU
	EndGlobalSection
	GlobalSection(SolutionProperties) = preSolution
		HideSolutionNode = FALSE
	EndGlobalSection
	GlobalSection(ExtensibilityGlobals) = postSolution
		SolutionGuid = {E3944F6A-384B-4B0F-B93F-3BD513DC57BD}
	EndGlobalSection
EndGlobal
